
Microsoft Visual Studio Solution File, Format Version 12.00
# Visual Studio Version 16
VisualStudioVersion = 16.0.30611.23
MinimumVisualStudioVersion = 10.0.40219.1
Project("{FAE04EC0-301F-11D3-BF4B-00C04F79EFBC}") = "KontaktApplikation", "KontaktApplikation\KontaktApplikation.csproj", "{74C19343-7C5A-416F-8E3D-318A44185E52}"
EndProject
Global
	GlobalSection(SolutionConfigurationPlatforms) = preSolution
		Debug|Any CPU = Debug|Any CPU
		Release|Any CPU = Release|Any CPU
	EndGlobalSection
	GlobalSection(ProjectConfigurationPlatforms) = postSolution
		{74C19343-7C5A-416F-8E3D-318A44185E52}.Debug|Any CPU.ActiveCfg = Debug|Any CPU
		{74C19343-7C5A-416F-8E3D-318A44185E52}.Debug|Any CPU.Build.0 = Debug|Any CPU
		{74C19343-7C5A-416F-8E3D-318A44185E52}.Release|Any CPU.ActiveCfg = Release|Any CPU
		{74C19343-7C5A-416F-8E3D-318A44185E52}.Release|Any CPU.Build.0 = Release|Any CPU
	EndGlobalSection
	GlobalSection(SolutionProperties) = preSolution
		HideSolutionNode = FALSE
	EndGlobalSection
	GlobalSection(ExtensibilityGlobals) = postSolution
		SolutionGuid = {63C6927A-7F41-4369-B6F1-EE094FD72611}
	EndGlobalSection
EndGlobal
